
Microsoft Visual Studio Solution File, Format Version 12.00
# Visual Studio Version 16
VisualStudioVersion = 16.0.28803.452
MinimumVisualStudioVersion = 10.0.40219.1
Project("{9A19103F-16F7-4668-BE54-9A1E7A4F7556}") = "CrowDo", "CrowDo\CrowDo.csproj", "{9D58942C-DE76-48AA-8A4B-520E9D8F6BDC}"
EndProject
Project("{9A19103F-16F7-4668-BE54-9A1E7A4F7556}") = "CrowDoServices", "CrowDoServices\CrowDoServices.csproj", "{0EC150F3-CDAB-4144-8A40-40320718CECF}"
EndProject
Project("{2150E333-8FDC-42A3-9474-1A3956D46DE8}") = "Database", "Database", "{D471EC80-134F-4325-A35D-877AAB1D315C}"
EndProject
Project("{FAE04EC0-301F-11D3-BF4B-00C04F79EFBC}") = "DatabaseContext", "Database\DatabaseContext\DatabaseContext.csproj", "{67FDC12B-C518-441F-830D-D1D356DA31FC}"
EndProject
Global
	GlobalSection(SolutionConfigurationPlatforms) = preSolution
		Debug|Any CPU = Debug|Any CPU
		Release|Any CPU = Release|Any CPU
	EndGlobalSection
	GlobalSection(ProjectConfigurationPlatforms) = postSolution
		{9D58942C-DE76-48AA-8A4B-520E9D8F6BDC}.Debug|Any CPU.ActiveCfg = Debug|Any CPU
		{9D58942C-DE76-48AA-8A4B-520E9D8F6BDC}.Debug|Any CPU.Build.0 = Debug|Any CPU
		{9D58942C-DE76-48AA-8A4B-520E9D8F6BDC}.Release|Any CPU.ActiveCfg = Release|Any CPU
		{9D58942C-DE76-48AA-8A4B-520E9D8F6BDC}.Release|Any CPU.Build.0 = Release|Any CPU
		{0EC150F3-CDAB-4144-8A40-40320718CECF}.Debug|Any CPU.ActiveCfg = Debug|Any CPU
		{0EC150F3-CDAB-4144-8A40-40320718CECF}.Debug|Any CPU.Build.0 = Debug|Any CPU
		{0EC150F3-CDAB-4144-8A40-40320718CECF}.Release|Any CPU.ActiveCfg = Release|Any CPU
		{0EC150F3-CDAB-4144-8A40-40320718CECF}.Release|Any CPU.Build.0 = Release|Any CPU
		{67FDC12B-C518-441F-830D-D1D356DA31FC}.Debug|Any CPU.ActiveCfg = Debug|Any CPU
		{67FDC12B-C518-441F-830D-D1D356DA31FC}.Debug|Any CPU.Build.0 = Debug|Any CPU
		{67FDC12B-C518-441F-830D-D1D356DA31FC}.Release|Any CPU.ActiveCfg = Release|Any CPU
		{67FDC12B-C518-441F-830D-D1D356DA31FC}.Release|Any CPU.Build.0 = Release|Any CPU
	EndGlobalSection
	GlobalSection(SolutionProperties) = preSolution
		HideSolutionNode = FALSE
	EndGlobalSection
	GlobalSection(NestedProjects) = preSolution
		{67FDC12B-C518-441F-830D-D1D356DA31FC} = {D471EC80-134F-4325-A35D-877AAB1D315C}
	EndGlobalSection
	GlobalSection(ExtensibilityGlobals) = postSolution
		SolutionGuid = {6CC7D15E-FC68-4965-9C1A-9EC5C5B910EF}
	EndGlobalSection
EndGlobal
