
Microsoft Visual Studio Solution File, Format Version 12.00
# Visual Studio Version 16
VisualStudioVersion = 16.0.28803.452
MinimumVisualStudioVersion = 10.0.40219.1
Project("{9A19103F-16F7-4668-BE54-9A1E7A4F7556}") = "CrowDo", "CrowDo\CrowDo.csproj", "{60E1F61E-ACBA-4F82-8D69-99B495A82BDA}"
EndProject
Project("{FAE04EC0-301F-11D3-BF4B-00C04F79EFBC}") = "CrowDoTesting", "CrowDoTesting\CrowDoTesting.csproj", "{D8BD68E5-FD3C-4B21-BEBF-C80F86ECEA23}"
EndProject
Global
	GlobalSection(SolutionConfigurationPlatforms) = preSolution
		Debug|Any CPU = Debug|Any CPU
		Release|Any CPU = Release|Any CPU
	EndGlobalSection
	GlobalSection(ProjectConfigurationPlatforms) = postSolution
		{60E1F61E-ACBA-4F82-8D69-99B495A82BDA}.Debug|Any CPU.ActiveCfg = Debug|Any CPU
		{60E1F61E-ACBA-4F82-8D69-99B495A82BDA}.Debug|Any CPU.Build.0 = Debug|Any CPU
		{60E1F61E-ACBA-4F82-8D69-99B495A82BDA}.Release|Any CPU.ActiveCfg = Release|Any CPU
		{60E1F61E-ACBA-4F82-8D69-99B495A82BDA}.Release|Any CPU.Build.0 = Release|Any CPU
		{D8BD68E5-FD3C-4B21-BEBF-C80F86ECEA23}.Debug|Any CPU.ActiveCfg = Debug|Any CPU
		{D8BD68E5-FD3C-4B21-BEBF-C80F86ECEA23}.Debug|Any CPU.Build.0 = Debug|Any CPU
		{D8BD68E5-FD3C-4B21-BEBF-C80F86ECEA23}.Release|Any CPU.ActiveCfg = Release|Any CPU
		{D8BD68E5-FD3C-4B21-BEBF-C80F86ECEA23}.Release|Any CPU.Build.0 = Release|Any CPU
	EndGlobalSection
	GlobalSection(SolutionProperties) = preSolution
		HideSolutionNode = FALSE
	EndGlobalSection
	GlobalSection(ExtensibilityGlobals) = postSolution
		SolutionGuid = {6CC7D15E-FC68-4965-9C1A-9EC5C5B910EF}
	EndGlobalSection
EndGlobal
